
Microsoft Visual Studio Solution File, Format Version 12.00
# Visual Studio 14
VisualStudioVersion = 14.0.25420.1
MinimumVisualStudioVersion = 10.0.40219.1
Project("{2150E333-8FDC-42A3-9474-1A3956D46DE8}") = "Asteroids", "Asteroids", "{CA233602-1C70-4908-BDDA-31CE61227666}"
	ProjectSection(SiliconStudioPackage) = preProject
		Asteroids/Asteroids.xkpkg = Asteroids/Asteroids.xkpkg
	EndProjectSection
EndProject
Project("{FAE04EC0-301F-11D3-BF4B-00C04F79EFBC}") = "Asteroids.Windows", "Asteroids\Asteroids.Windows\Asteroids.Windows.csproj", "{8E00ACA0-B122-4112-B09C-0EF71CB0E1F0}"
EndProject
Project("{FAE04EC0-301F-11D3-BF4B-00C04F79EFBC}") = "Asteroids.Game", "Asteroids\Asteroids.Game\Asteroids.Game.csproj", "{DCB48A83-B04A-48C9-BA2B-51F6D845CEF0}"
EndProject
Project("{FAE04EC0-301F-11D3-BF4B-00C04F79EFBC}") = "Asteroids.Windows10", "Asteroids\Asteroids.Windows10\Asteroids.Windows10.csproj", "{55A6937E-1D16-4465-AD9D-6050CC4B2C40}"
EndProject
Project("{FAE04EC0-301F-11D3-BF4B-00C04F79EFBC}") = "Asteroids.Linux", "Asteroids\Asteroids.Linux\Asteroids.Linux.csproj", "{3D60A3D4-C1DC-4F2D-8EC1-8388FE41D525}"
EndProject
Project("{FAE04EC0-301F-11D3-BF4B-00C04F79EFBC}") = "Asteroids.Android", "Asteroids\Asteroids.Android\Asteroids.Android.csproj", "{8BCD3C57-8DDF-4547-9DA9-019CF02CC834}"
EndProject
Global
	GlobalSection(SolutionConfigurationPlatforms) = preSolution
		AppStore|Android = AppStore|Android
		AppStore|Any CPU = AppStore|Any CPU
		AppStore|Linux = AppStore|Linux
		AppStore|Mixed Platforms = AppStore|Mixed Platforms
		AppStore|Windows = AppStore|Windows
		AppStore|Windows10-ARM = AppStore|Windows10-ARM
		AppStore|Windows10-x64 = AppStore|Windows10-x64
		AppStore|Windows10-x86 = AppStore|Windows10-x86
		CoreCLR_Debug|Android = CoreCLR_Debug|Android
		CoreCLR_Debug|Any CPU = CoreCLR_Debug|Any CPU
		CoreCLR_Debug|Linux = CoreCLR_Debug|Linux
		CoreCLR_Debug|Mixed Platforms = CoreCLR_Debug|Mixed Platforms
		CoreCLR_Debug|Windows = CoreCLR_Debug|Windows
		CoreCLR_Debug|Windows10-ARM = CoreCLR_Debug|Windows10-ARM
		CoreCLR_Debug|Windows10-x64 = CoreCLR_Debug|Windows10-x64
		CoreCLR_Debug|Windows10-x86 = CoreCLR_Debug|Windows10-x86
		CoreCLR_Release|Android = CoreCLR_Release|Android
		CoreCLR_Release|Any CPU = CoreCLR_Release|Any CPU
		CoreCLR_Release|Linux = CoreCLR_Release|Linux
		CoreCLR_Release|Mixed Platforms = CoreCLR_Release|Mixed Platforms
		CoreCLR_Release|Windows = CoreCLR_Release|Windows
		CoreCLR_Release|Windows10-ARM = CoreCLR_Release|Windows10-ARM
		CoreCLR_Release|Windows10-x64 = CoreCLR_Release|Windows10-x64
		CoreCLR_Release|Windows10-x86 = CoreCLR_Release|Windows10-x86
		Debug|Android = Debug|Android
		Debug|Any CPU = Debug|Any CPU
		Debug|Linux = Debug|Linux
		Debug|Mixed Platforms = Debug|Mixed Platforms
		Debug|Windows = Debug|Windows
		Debug|Windows10-ARM = Debug|Windows10-ARM
		Debug|Windows10-x64 = Debug|Windows10-x64
		Debug|Windows10-x86 = Debug|Windows10-x86
		Release|Android = Release|Android
		Release|Any CPU = Release|Any CPU
		Release|Linux = Release|Linux
		Release|Mixed Platforms = Release|Mixed Platforms
		Release|Windows = Release|Windows
		Release|Windows10-ARM = Release|Windows10-ARM
		Release|Windows10-x64 = Release|Windows10-x64
		Release|Windows10-x86 = Release|Windows10-x86
		Testing|Android = Testing|Android
		Testing|Any CPU = Testing|Any CPU
		Testing|Linux = Testing|Linux
		Testing|Mixed Platforms = Testing|Mixed Platforms
		Testing|Windows = Testing|Windows
		Testing|Windows10-ARM = Testing|Windows10-ARM
		Testing|Windows10-x64 = Testing|Windows10-x64
		Testing|Windows10-x86 = Testing|Windows10-x86
	EndGlobalSection
	GlobalSection(ProjectConfigurationPlatforms) = postSolution
		{8E00ACA0-B122-4112-B09C-0EF71CB0E1F0}.AppStore|Android.ActiveCfg = AppStore|Any CPU
		{8E00ACA0-B122-4112-B09C-0EF71CB0E1F0}.AppStore|Any CPU.ActiveCfg = AppStore|Any CPU
		{8E00ACA0-B122-4112-B09C-0EF71CB0E1F0}.AppStore|Any CPU.Build.0 = AppStore|Any CPU
		{8E00ACA0-B122-4112-B09C-0EF71CB0E1F0}.AppStore|Any CPU.Deploy.0 = AppStore|Any CPU
		{8E00ACA0-B122-4112-B09C-0EF71CB0E1F0}.AppStore|Linux.ActiveCfg = AppStore|Any CPU
		{8E00ACA0-B122-4112-B09C-0EF71CB0E1F0}.AppStore|Mixed Platforms.ActiveCfg = AppStore|Any CPU
		{8E00ACA0-B122-4112-B09C-0EF71CB0E1F0}.AppStore|Mixed Platforms.Build.0 = AppStore|Any CPU
		{8E00ACA0-B122-4112-B09C-0EF71CB0E1F0}.AppStore|Mixed Platforms.Deploy.0 = AppStore|Any CPU
		{8E00ACA0-B122-4112-B09C-0EF71CB0E1F0}.AppStore|Windows.ActiveCfg = AppStore|Any CPU
		{8E00ACA0-B122-4112-B09C-0EF71CB0E1F0}.AppStore|Windows.Build.0 = AppStore|Any CPU
		{8E00ACA0-B122-4112-B09C-0EF71CB0E1F0}.AppStore|Windows.Deploy.0 = AppStore|Any CPU
		{8E00ACA0-B122-4112-B09C-0EF71CB0E1F0}.AppStore|Windows10-ARM.ActiveCfg = AppStore|Any CPU
		{8E00ACA0-B122-4112-B09C-0EF71CB0E1F0}.AppStore|Windows10-x64.ActiveCfg = AppStore|Any CPU
		{8E00ACA0-B122-4112-B09C-0EF71CB0E1F0}.AppStore|Windows10-x86.ActiveCfg = AppStore|Any CPU
		{8E00ACA0-B122-4112-B09C-0EF71CB0E1F0}.CoreCLR_Debug|Android.ActiveCfg = CoreCLR_Debug|Any CPU
		{8E00ACA0-B122-4112-B09C-0EF71CB0E1F0}.CoreCLR_Debug|Any CPU.ActiveCfg = CoreCLR_Debug|Any CPU
		{8E00ACA0-B122-4112-B09C-0EF71CB0E1F0}.CoreCLR_Debug|Any CPU.Build.0 = CoreCLR_Debug|Any CPU
		{8E00ACA0-B122-4112-B09C-0EF71CB0E1F0}.CoreCLR_Debug|Any CPU.Deploy.0 = CoreCLR_Debug|Any CPU
		{8E00ACA0-B122-4112-B09C-0EF71CB0E1F0}.CoreCLR_Debug|Linux.ActiveCfg = CoreCLR_Debug|Any CPU
		{8E00ACA0-B122-4112-B09C-0EF71CB0E1F0}.CoreCLR_Debug|Mixed Platforms.ActiveCfg = CoreCLR_Debug|Any CPU
		{8E00ACA0-B122-4112-B09C-0EF71CB0E1F0}.CoreCLR_Debug|Mixed Platforms.Build.0 = CoreCLR_Debug|Any CPU
		{8E00ACA0-B122-4112-B09C-0EF71CB0E1F0}.CoreCLR_Debug|Mixed Platforms.Deploy.0 = CoreCLR_Debug|Any CPU
		{8E00ACA0-B122-4112-B09C-0EF71CB0E1F0}.CoreCLR_Debug|Windows.ActiveCfg = CoreCLR_Debug|Any CPU
		{8E00ACA0-B122-4112-B09C-0EF71CB0E1F0}.CoreCLR_Debug|Windows.Build.0 = CoreCLR_Debug|Any CPU
		{8E00ACA0-B122-4112-B09C-0EF71CB0E1F0}.CoreCLR_Debug|Windows.Deploy.0 = CoreCLR_Debug|Any CPU
		{8E00ACA0-B122-4112-B09C-0EF71CB0E1F0}.CoreCLR_Debug|Windows10-ARM.ActiveCfg = CoreCLR_Debug|Any CPU
		{8E00ACA0-B122-4112-B09C-0EF71CB0E1F0}.CoreCLR_Debug|Windows10-x64.ActiveCfg = CoreCLR_Debug|Any CPU
		{8E00ACA0-B122-4112-B09C-0EF71CB0E1F0}.CoreCLR_Debug|Windows10-x86.ActiveCfg = CoreCLR_Debug|Any CPU
		{8E00ACA0-B122-4112-B09C-0EF71CB0E1F0}.CoreCLR_Release|Android.ActiveCfg = CoreCLR_Release|Any CPU
		{8E00ACA0-B122-4112-B09C-0EF71CB0E1F0}.CoreCLR_Release|Any CPU.ActiveCfg = CoreCLR_Release|Any CPU
		{8E00ACA0-B122-4112-B09C-0EF71CB0E1F0}.CoreCLR_Release|Any CPU.Build.0 = CoreCLR_Release|Any CPU
		{8E00ACA0-B122-4112-B09C-0EF71CB0E1F0}.CoreCLR_Release|Any CPU.Deploy.0 = CoreCLR_Release|Any CPU
		{8E00ACA0-B122-4112-B09C-0EF71CB0E1F0}.CoreCLR_Release|Linux.ActiveCfg = CoreCLR_Release|Any CPU
		{8E00ACA0-B122-4112-B09C-0EF71CB0E1F0}.CoreCLR_Release|Mixed Platforms.ActiveCfg = CoreCLR_Release|Any CPU
		{8E00ACA0-B122-4112-B09C-0EF71CB0E1F0}.CoreCLR_Release|Mixed Platforms.Build.0 = CoreCLR_Release|Any CPU
		{8E00ACA0-B122-4112-B09C-0EF71CB0E1F0}.CoreCLR_Release|Mixed Platforms.Deploy.0 = CoreCLR_Release|Any CPU
		{8E00ACA0-B122-4112-B09C-0EF71CB0E1F0}.CoreCLR_Release|Windows.ActiveCfg = CoreCLR_Release|Any CPU
		{8E00ACA0-B122-4112-B09C-0EF71CB0E1F0}.CoreCLR_Release|Windows.Build.0 = CoreCLR_Release|Any CPU
		{8E00ACA0-B122-4112-B09C-0EF71CB0E1F0}.CoreCLR_Release|Windows.Deploy.0 = CoreCLR_Release|Any CPU
		{8E00ACA0-B122-4112-B09C-0EF71CB0E1F0}.CoreCLR_Release|Windows10-ARM.ActiveCfg = CoreCLR_Release|Any CPU
		{8E00ACA0-B122-4112-B09C-0EF71CB0E1F0}.CoreCLR_Release|Windows10-x64.ActiveCfg = CoreCLR_Release|Any CPU
		{8E00ACA0-B122-4112-B09C-0EF71CB0E1F0}.CoreCLR_Release|Windows10-x86.ActiveCfg = CoreCLR_Release|Any CPU
		{8E00ACA0-B122-4112-B09C-0EF71CB0E1F0}.Debug|Android.ActiveCfg = Debug|Any CPU
		{8E00ACA0-B122-4112-B09C-0EF71CB0E1F0}.Debug|Any CPU.ActiveCfg = Debug|Any CPU
		{8E00ACA0-B122-4112-B09C-0EF71CB0E1F0}.Debug|Any CPU.Build.0 = Debug|Any CPU
		{8E00ACA0-B122-4112-B09C-0EF71CB0E1F0}.Debug|Any CPU.Deploy.0 = Debug|Any CPU
		{8E00ACA0-B122-4112-B09C-0EF71CB0E1F0}.Debug|Linux.ActiveCfg = Debug|Any CPU
		{8E00ACA0-B122-4112-B09C-0EF71CB0E1F0}.Debug|Mixed Platforms.ActiveCfg = Debug|Any CPU
		{8E00ACA0-B122-4112-B09C-0EF71CB0E1F0}.Debug|Mixed Platforms.Build.0 = Debug|Any CPU
		{8E00ACA0-B122-4112-B09C-0EF71CB0E1F0}.Debug|Mixed Platforms.Deploy.0 = Debug|Any CPU
		{8E00ACA0-B122-4112-B09C-0EF71CB0E1F0}.Debug|Windows.ActiveCfg = Debug|Any CPU
		{8E00ACA0-B122-4112-B09C-0EF71CB0E1F0}.Debug|Windows.Build.0 = Debug|Any CPU
		{8E00ACA0-B122-4112-B09C-0EF71CB0E1F0}.Debug|Windows.Deploy.0 = Debug|Any CPU
		{8E00ACA0-B122-4112-B09C-0EF71CB0E1F0}.Debug|Windows10-ARM.ActiveCfg = Debug|Any CPU
		{8E00ACA0-B122-4112-B09C-0EF71CB0E1F0}.Debug|Windows10-x64.ActiveCfg = Debug|Any CPU
		{8E00ACA0-B122-4112-B09C-0EF71CB0E1F0}.Debug|Windows10-x86.ActiveCfg = Debug|Any CPU
		{8E00ACA0-B122-4112-B09C-0EF71CB0E1F0}.Release|Android.ActiveCfg = Release|Any CPU
		{8E00ACA0-B122-4112-B09C-0EF71CB0E1F0}.Release|Any CPU.ActiveCfg = Release|Any CPU
		{8E00ACA0-B122-4112-B09C-0EF71CB0E1F0}.Release|Any CPU.Build.0 = Release|Any CPU
		{8E00ACA0-B122-4112-B09C-0EF71CB0E1F0}.Release|Any CPU.Deploy.0 = Release|Any CPU
		{8E00ACA0-B122-4112-B09C-0EF71CB0E1F0}.Release|Linux.ActiveCfg = Release|Any CPU
		{8E00ACA0-B122-4112-B09C-0EF71CB0E1F0}.Release|Mixed Platforms.ActiveCfg = Release|Any CPU
		{8E00ACA0-B122-4112-B09C-0EF71CB0E1F0}.Release|Mixed Platforms.Build.0 = Release|Any CPU
		{8E00ACA0-B122-4112-B09C-0EF71CB0E1F0}.Release|Mixed Platforms.Deploy.0 = Release|Any CPU
		{8E00ACA0-B122-4112-B09C-0EF71CB0E1F0}.Release|Windows.ActiveCfg = Release|Any CPU
		{8E00ACA0-B122-4112-B09C-0EF71CB0E1F0}.Release|Windows.Build.0 = Release|Any CPU
		{8E00ACA0-B122-4112-B09C-0EF71CB0E1F0}.Release|Windows.Deploy.0 = Release|Any CPU
		{8E00ACA0-B122-4112-B09C-0EF71CB0E1F0}.Release|Windows10-ARM.ActiveCfg = Release|Any CPU
		{8E00ACA0-B122-4112-B09C-0EF71CB0E1F0}.Release|Windows10-x64.ActiveCfg = Release|Any CPU
		{8E00ACA0-B122-4112-B09C-0EF71CB0E1F0}.Release|Windows10-x86.ActiveCfg = Release|Any CPU
		{8E00ACA0-B122-4112-B09C-0EF71CB0E1F0}.Testing|Android.ActiveCfg = Testing|Any CPU
		{8E00ACA0-B122-4112-B09C-0EF71CB0E1F0}.Testing|Any CPU.ActiveCfg = Testing|Any CPU
		{8E00ACA0-B122-4112-B09C-0EF71CB0E1F0}.Testing|Any CPU.Build.0 = Testing|Any CPU
		{8E00ACA0-B122-4112-B09C-0EF71CB0E1F0}.Testing|Any CPU.Deploy.0 = Testing|Any CPU
		{8E00ACA0-B122-4112-B09C-0EF71CB0E1F0}.Testing|Linux.ActiveCfg = Testing|Any CPU
		{8E00ACA0-B122-4112-B09C-0EF71CB0E1F0}.Testing|Mixed Platforms.ActiveCfg = Testing|Any CPU
		{8E00ACA0-B122-4112-B09C-0EF71CB0E1F0}.Testing|Mixed Platforms.Build.0 = Testing|Any CPU
		{8E00ACA0-B122-4112-B09C-0EF71CB0E1F0}.Testing|Mixed Platforms.Deploy.0 = Testing|Any CPU
		{8E00ACA0-B122-4112-B09C-0EF71CB0E1F0}.Testing|Windows.ActiveCfg = Testing|Any CPU
		{8E00ACA0-B122-4112-B09C-0EF71CB0E1F0}.Testing|Windows.Build.0 = Testing|Any CPU
		{8E00ACA0-B122-4112-B09C-0EF71CB0E1F0}.Testing|Windows.Deploy.0 = Testing|Any CPU
		{8E00ACA0-B122-4112-B09C-0EF71CB0E1F0}.Testing|Windows10-ARM.ActiveCfg = Testing|Any CPU
		{8E00ACA0-B122-4112-B09C-0EF71CB0E1F0}.Testing|Windows10-x64.ActiveCfg = Testing|Any CPU
		{8E00ACA0-B122-4112-B09C-0EF71CB0E1F0}.Testing|Windows10-x86.ActiveCfg = Testing|Any CPU
		{DCB48A83-B04A-48C9-BA2B-51F6D845CEF0}.AppStore|Android.ActiveCfg = AppStore|Android
		{DCB48A83-B04A-48C9-BA2B-51F6D845CEF0}.AppStore|Android.Build.0 = AppStore|Android
		{DCB48A83-B04A-48C9-BA2B-51F6D845CEF0}.AppStore|Any CPU.ActiveCfg = AppStore|Any CPU
		{DCB48A83-B04A-48C9-BA2B-51F6D845CEF0}.AppStore|Any CPU.Build.0 = AppStore|Any CPU
		{DCB48A83-B04A-48C9-BA2B-51F6D845CEF0}.AppStore|Linux.ActiveCfg = Debug|Linux
		{DCB48A83-B04A-48C9-BA2B-51F6D845CEF0}.AppStore|Mixed Platforms.ActiveCfg = AppStore|Any CPU
		{DCB48A83-B04A-48C9-BA2B-51F6D845CEF0}.AppStore|Mixed Platforms.Build.0 = AppStore|Any CPU
		{DCB48A83-B04A-48C9-BA2B-51F6D845CEF0}.AppStore|Windows.ActiveCfg = AppStore|Any CPU
		{DCB48A83-B04A-48C9-BA2B-51F6D845CEF0}.AppStore|Windows.Build.0 = AppStore|Any CPU
		{DCB48A83-B04A-48C9-BA2B-51F6D845CEF0}.AppStore|Windows10-ARM.ActiveCfg = AppStore|Windows10
		{DCB48A83-B04A-48C9-BA2B-51F6D845CEF0}.AppStore|Windows10-ARM.Build.0 = AppStore|Windows10
		{DCB48A83-B04A-48C9-BA2B-51F6D845CEF0}.AppStore|Windows10-x64.ActiveCfg = AppStore|Windows10
		{DCB48A83-B04A-48C9-BA2B-51F6D845CEF0}.AppStore|Windows10-x64.Build.0 = AppStore|Windows10
		{DCB48A83-B04A-48C9-BA2B-51F6D845CEF0}.AppStore|Windows10-x86.ActiveCfg = AppStore|Windows10
		{DCB48A83-B04A-48C9-BA2B-51F6D845CEF0}.AppStore|Windows10-x86.Build.0 = AppStore|Windows10
		{DCB48A83-B04A-48C9-BA2B-51F6D845CEF0}.CoreCLR_Debug|Android.ActiveCfg = Debug|Android
		{DCB48A83-B04A-48C9-BA2B-51F6D845CEF0}.CoreCLR_Debug|Any CPU.ActiveCfg = CoreCLR_Debug|Any CPU
		{DCB48A83-B04A-48C9-BA2B-51F6D845CEF0}.CoreCLR_Debug|Any CPU.Build.0 = CoreCLR_Debug|Any CPU
		{DCB48A83-B04A-48C9-BA2B-51F6D845CEF0}.CoreCLR_Debug|Linux.ActiveCfg = CoreCLR_Debug|Linux
		{DCB48A83-B04A-48C9-BA2B-51F6D845CEF0}.CoreCLR_Debug|Linux.Build.0 = CoreCLR_Debug|Linux
		{DCB48A83-B04A-48C9-BA2B-51F6D845CEF0}.CoreCLR_Debug|Mixed Platforms.ActiveCfg = CoreCLR_Debug|Any CPU
		{DCB48A83-B04A-48C9-BA2B-51F6D845CEF0}.CoreCLR_Debug|Mixed Platforms.Build.0 = CoreCLR_Debug|Any CPU
		{DCB48A83-B04A-48C9-BA2B-51F6D845CEF0}.CoreCLR_Debug|Windows.ActiveCfg = CoreCLR_Debug|Any CPU
		{DCB48A83-B04A-48C9-BA2B-51F6D845CEF0}.CoreCLR_Debug|Windows.Build.0 = CoreCLR_Debug|Any CPU
		{DCB48A83-B04A-48C9-BA2B-51F6D845CEF0}.CoreCLR_Debug|Windows10-ARM.ActiveCfg = Debug|Windows10
		{DCB48A83-B04A-48C9-BA2B-51F6D845CEF0}.CoreCLR_Debug|Windows10-x64.ActiveCfg = Debug|Windows10
		{DCB48A83-B04A-48C9-BA2B-51F6D845CEF0}.CoreCLR_Debug|Windows10-x86.ActiveCfg = Debug|Windows10
		{DCB48A83-B04A-48C9-BA2B-51F6D845CEF0}.CoreCLR_Release|Android.ActiveCfg = Debug|Android
		{DCB48A83-B04A-48C9-BA2B-51F6D845CEF0}.CoreCLR_Release|Any CPU.ActiveCfg = CoreCLR_Release|Any CPU
		{DCB48A83-B04A-48C9-BA2B-51F6D845CEF0}.CoreCLR_Release|Any CPU.Build.0 = CoreCLR_Release|Any CPU
		{DCB48A83-B04A-48C9-BA2B-51F6D845CEF0}.CoreCLR_Release|Linux.ActiveCfg = CoreCLR_Release|Linux
		{DCB48A83-B04A-48C9-BA2B-51F6D845CEF0}.CoreCLR_Release|Linux.Build.0 = CoreCLR_Release|Linux
		{DCB48A83-B04A-48C9-BA2B-51F6D845CEF0}.CoreCLR_Release|Mixed Platforms.ActiveCfg = CoreCLR_Release|Any CPU
		{DCB48A83-B04A-48C9-BA2B-51F6D845CEF0}.CoreCLR_Release|Mixed Platforms.Build.0 = CoreCLR_Release|Any CPU
		{DCB48A83-B04A-48C9-BA2B-51F6D845CEF0}.CoreCLR_Release|Windows.ActiveCfg = CoreCLR_Release|Any CPU
		{DCB48A83-B04A-48C9-BA2B-51F6D845CEF0}.CoreCLR_Release|Windows.Build.0 = CoreCLR_Release|Any CPU
		{DCB48A83-B04A-48C9-BA2B-51F6D845CEF0}.CoreCLR_Release|Windows10-ARM.ActiveCfg = Debug|Windows10
		{DCB48A83-B04A-48C9-BA2B-51F6D845CEF0}.CoreCLR_Release|Windows10-x64.ActiveCfg = Debug|Windows10
		{DCB48A83-B04A-48C9-BA2B-51F6D845CEF0}.CoreCLR_Release|Windows10-x86.ActiveCfg = Debug|Windows10
		{DCB48A83-B04A-48C9-BA2B-51F6D845CEF0}.Debug|Android.ActiveCfg = Debug|Android
		{DCB48A83-B04A-48C9-BA2B-51F6D845CEF0}.Debug|Android.Build.0 = Debug|Android
		{DCB48A83-B04A-48C9-BA2B-51F6D845CEF0}.Debug|Any CPU.ActiveCfg = Debug|Any CPU
		{DCB48A83-B04A-48C9-BA2B-51F6D845CEF0}.Debug|Any CPU.Build.0 = Debug|Any CPU
		{DCB48A83-B04A-48C9-BA2B-51F6D845CEF0}.Debug|Linux.ActiveCfg = Debug|Linux
		{DCB48A83-B04A-48C9-BA2B-51F6D845CEF0}.Debug|Linux.Build.0 = Debug|Linux
		{DCB48A83-B04A-48C9-BA2B-51F6D845CEF0}.Debug|Mixed Platforms.ActiveCfg = Debug|Any CPU
		{DCB48A83-B04A-48C9-BA2B-51F6D845CEF0}.Debug|Mixed Platforms.Build.0 = Debug|Any CPU
		{DCB48A83-B04A-48C9-BA2B-51F6D845CEF0}.Debug|Windows.ActiveCfg = Debug|Any CPU
		{DCB48A83-B04A-48C9-BA2B-51F6D845CEF0}.Debug|Windows.Build.0 = Debug|Any CPU
		{DCB48A83-B04A-48C9-BA2B-51F6D845CEF0}.Debug|Windows10-ARM.ActiveCfg = Debug|Windows10
		{DCB48A83-B04A-48C9-BA2B-51F6D845CEF0}.Debug|Windows10-ARM.Build.0 = Debug|Windows10
		{DCB48A83-B04A-48C9-BA2B-51F6D845CEF0}.Debug|Windows10-x64.ActiveCfg = Debug|Windows10
		{DCB48A83-B04A-48C9-BA2B-51F6D845CEF0}.Debug|Windows10-x64.Build.0 = Debug|Windows10
		{DCB48A83-B04A-48C9-BA2B-51F6D845CEF0}.Debug|Windows10-x86.ActiveCfg = Debug|Windows10
		{DCB48A83-B04A-48C9-BA2B-51F6D845CEF0}.Debug|Windows10-x86.Build.0 = Debug|Windows10
		{DCB48A83-B04A-48C9-BA2B-51F6D845CEF0}.Release|Android.ActiveCfg = Release|Android
		{DCB48A83-B04A-48C9-BA2B-51F6D845CEF0}.Release|Android.Build.0 = Release|Android
		{DCB48A83-B04A-48C9-BA2B-51F6D845CEF0}.Release|Any CPU.ActiveCfg = Release|Any CPU
		{DCB48A83-B04A-48C9-BA2B-51F6D845CEF0}.Release|Any CPU.Build.0 = Release|Any CPU
		{DCB48A83-B04A-48C9-BA2B-51F6D845CEF0}.Release|Linux.ActiveCfg = Release|Linux
		{DCB48A83-B04A-48C9-BA2B-51F6D845CEF0}.Release|Linux.Build.0 = Release|Linux
		{DCB48A83-B04A-48C9-BA2B-51F6D845CEF0}.Release|Mixed Platforms.ActiveCfg = Release|Any CPU
		{DCB48A83-B04A-48C9-BA2B-51F6D845CEF0}.Release|Mixed Platforms.Build.0 = Release|Any CPU
		{DCB48A83-B04A-48C9-BA2B-51F6D845CEF0}.Release|Windows.ActiveCfg = Release|Any CPU
		{DCB48A83-B04A-48C9-BA2B-51F6D845CEF0}.Release|Windows.Build.0 = Release|Any CPU
		{DCB48A83-B04A-48C9-BA2B-51F6D845CEF0}.Release|Windows10-ARM.ActiveCfg = Release|Windows10
		{DCB48A83-B04A-48C9-BA2B-51F6D845CEF0}.Release|Windows10-ARM.Build.0 = Release|Windows10
		{DCB48A83-B04A-48C9-BA2B-51F6D845CEF0}.Release|Windows10-x64.ActiveCfg = Release|Windows10
		{DCB48A83-B04A-48C9-BA2B-51F6D845CEF0}.Release|Windows10-x64.Build.0 = Release|Windows10
		{DCB48A83-B04A-48C9-BA2B-51F6D845CEF0}.Release|Windows10-x86.ActiveCfg = Release|Windows10
		{DCB48A83-B04A-48C9-BA2B-51F6D845CEF0}.Release|Windows10-x86.Build.0 = Release|Windows10
		{DCB48A83-B04A-48C9-BA2B-51F6D845CEF0}.Testing|Android.ActiveCfg = Testing|Android
		{DCB48A83-B04A-48C9-BA2B-51F6D845CEF0}.Testing|Android.Build.0 = Testing|Android
		{DCB48A83-B04A-48C9-BA2B-51F6D845CEF0}.Testing|Any CPU.ActiveCfg = Testing|Any CPU
		{DCB48A83-B04A-48C9-BA2B-51F6D845CEF0}.Testing|Any CPU.Build.0 = Testing|Any CPU
		{DCB48A83-B04A-48C9-BA2B-51F6D845CEF0}.Testing|Linux.ActiveCfg = Debug|Linux
		{DCB48A83-B04A-48C9-BA2B-51F6D845CEF0}.Testing|Mixed Platforms.ActiveCfg = Testing|Any CPU
		{DCB48A83-B04A-48C9-BA2B-51F6D845CEF0}.Testing|Mixed Platforms.Build.0 = Testing|Any CPU
		{DCB48A83-B04A-48C9-BA2B-51F6D845CEF0}.Testing|Windows.ActiveCfg = Testing|Any CPU
		{DCB48A83-B04A-48C9-BA2B-51F6D845CEF0}.Testing|Windows.Build.0 = Testing|Any CPU
		{DCB48A83-B04A-48C9-BA2B-51F6D845CEF0}.Testing|Windows10-ARM.ActiveCfg = Testing|Windows10
		{DCB48A83-B04A-48C9-BA2B-51F6D845CEF0}.Testing|Windows10-ARM.Build.0 = Testing|Windows10
		{DCB48A83-B04A-48C9-BA2B-51F6D845CEF0}.Testing|Windows10-x64.ActiveCfg = Testing|Windows10
		{DCB48A83-B04A-48C9-BA2B-51F6D845CEF0}.Testing|Windows10-x64.Build.0 = Testing|Windows10
		{DCB48A83-B04A-48C9-BA2B-51F6D845CEF0}.Testing|Windows10-x86.ActiveCfg = Testing|Windows10
		{DCB48A83-B04A-48C9-BA2B-51F6D845CEF0}.Testing|Windows10-x86.Build.0 = Testing|Windows10
		{55A6937E-1D16-4465-AD9D-6050CC4B2C40}.AppStore|Android.ActiveCfg = AppStore|Windows10-ARM
		{55A6937E-1D16-4465-AD9D-6050CC4B2C40}.AppStore|Any CPU.ActiveCfg = AppStore|Windows10-ARM
		{55A6937E-1D16-4465-AD9D-6050CC4B2C40}.AppStore|Linux.ActiveCfg = AppStore|Windows10-ARM
		{55A6937E-1D16-4465-AD9D-6050CC4B2C40}.AppStore|Mixed Platforms.ActiveCfg = AppStore|Windows10-ARM
		{55A6937E-1D16-4465-AD9D-6050CC4B2C40}.AppStore|Windows.ActiveCfg = AppStore|Windows10-ARM
		{55A6937E-1D16-4465-AD9D-6050CC4B2C40}.AppStore|Windows10-ARM.ActiveCfg = AppStore|ARM
		{55A6937E-1D16-4465-AD9D-6050CC4B2C40}.AppStore|Windows10-ARM.Build.0 = AppStore|ARM
		{55A6937E-1D16-4465-AD9D-6050CC4B2C40}.AppStore|Windows10-ARM.Deploy.0 = AppStore|ARM
		{55A6937E-1D16-4465-AD9D-6050CC4B2C40}.AppStore|Windows10-x64.ActiveCfg = AppStore|x64
		{55A6937E-1D16-4465-AD9D-6050CC4B2C40}.AppStore|Windows10-x64.Build.0 = AppStore|x64
		{55A6937E-1D16-4465-AD9D-6050CC4B2C40}.AppStore|Windows10-x64.Deploy.0 = AppStore|x64
		{55A6937E-1D16-4465-AD9D-6050CC4B2C40}.AppStore|Windows10-x86.ActiveCfg = AppStore|x86
		{55A6937E-1D16-4465-AD9D-6050CC4B2C40}.AppStore|Windows10-x86.Build.0 = AppStore|x86
		{55A6937E-1D16-4465-AD9D-6050CC4B2C40}.AppStore|Windows10-x86.Deploy.0 = AppStore|x86
		{55A6937E-1D16-4465-AD9D-6050CC4B2C40}.CoreCLR_Debug|Android.ActiveCfg = Debug|Windows10-ARM
		{55A6937E-1D16-4465-AD9D-6050CC4B2C40}.CoreCLR_Debug|Any CPU.ActiveCfg = Debug|Windows10-ARM
		{55A6937E-1D16-4465-AD9D-6050CC4B2C40}.CoreCLR_Debug|Linux.ActiveCfg = Debug|Windows10-ARM
		{55A6937E-1D16-4465-AD9D-6050CC4B2C40}.CoreCLR_Debug|Mixed Platforms.ActiveCfg = Debug|Windows10-ARM
		{55A6937E-1D16-4465-AD9D-6050CC4B2C40}.CoreCLR_Debug|Windows.ActiveCfg = Debug|Windows10-ARM
		{55A6937E-1D16-4465-AD9D-6050CC4B2C40}.CoreCLR_Debug|Windows10-ARM.ActiveCfg = Debug|ARM
		{55A6937E-1D16-4465-AD9D-6050CC4B2C40}.CoreCLR_Debug|Windows10-x64.ActiveCfg = Debug|x64
		{55A6937E-1D16-4465-AD9D-6050CC4B2C40}.CoreCLR_Debug|Windows10-x86.ActiveCfg = Debug|x86
		{55A6937E-1D16-4465-AD9D-6050CC4B2C40}.CoreCLR_Release|Android.ActiveCfg = Debug|Windows10-ARM
		{55A6937E-1D16-4465-AD9D-6050CC4B2C40}.CoreCLR_Release|Any CPU.ActiveCfg = Debug|Windows10-ARM
		{55A6937E-1D16-4465-AD9D-6050CC4B2C40}.CoreCLR_Release|Linux.ActiveCfg = Debug|Windows10-ARM
		{55A6937E-1D16-4465-AD9D-6050CC4B2C40}.CoreCLR_Release|Mixed Platforms.ActiveCfg = Debug|Windows10-ARM
		{55A6937E-1D16-4465-AD9D-6050CC4B2C40}.CoreCLR_Release|Windows.ActiveCfg = Debug|Windows10-ARM
		{55A6937E-1D16-4465-AD9D-6050CC4B2C40}.CoreCLR_Release|Windows10-ARM.ActiveCfg = Debug|ARM
		{55A6937E-1D16-4465-AD9D-6050CC4B2C40}.CoreCLR_Release|Windows10-x64.ActiveCfg = Debug|x64
		{55A6937E-1D16-4465-AD9D-6050CC4B2C40}.CoreCLR_Release|Windows10-x86.ActiveCfg = Debug|x86
		{55A6937E-1D16-4465-AD9D-6050CC4B2C40}.Debug|Android.ActiveCfg = Debug|Windows10-ARM
		{55A6937E-1D16-4465-AD9D-6050CC4B2C40}.Debug|Any CPU.ActiveCfg = Debug|Windows10-ARM
		{55A6937E-1D16-4465-AD9D-6050CC4B2C40}.Debug|Linux.ActiveCfg = Debug|Windows10-ARM
		{55A6937E-1D16-4465-AD9D-6050CC4B2C40}.Debug|Mixed Platforms.ActiveCfg = Debug|Windows10-ARM
		{55A6937E-1D16-4465-AD9D-6050CC4B2C40}.Debug|Windows.ActiveCfg = Debug|Windows10-ARM
		{55A6937E-1D16-4465-AD9D-6050CC4B2C40}.Debug|Windows10-ARM.ActiveCfg = Debug|ARM
		{55A6937E-1D16-4465-AD9D-6050CC4B2C40}.Debug|Windows10-ARM.Build.0 = Debug|ARM
		{55A6937E-1D16-4465-AD9D-6050CC4B2C40}.Debug|Windows10-ARM.Deploy.0 = Debug|ARM
		{55A6937E-1D16-4465-AD9D-6050CC4B2C40}.Debug|Windows10-x64.ActiveCfg = Debug|x64
		{55A6937E-1D16-4465-AD9D-6050CC4B2C40}.Debug|Windows10-x64.Build.0 = Debug|x64
		{55A6937E-1D16-4465-AD9D-6050CC4B2C40}.Debug|Windows10-x64.Deploy.0 = Debug|x64
		{55A6937E-1D16-4465-AD9D-6050CC4B2C40}.Debug|Windows10-x86.ActiveCfg = Debug|x86
		{55A6937E-1D16-4465-AD9D-6050CC4B2C40}.Debug|Windows10-x86.Build.0 = Debug|x86
		{55A6937E-1D16-4465-AD9D-6050CC4B2C40}.Debug|Windows10-x86.Deploy.0 = Debug|x86
		{55A6937E-1D16-4465-AD9D-6050CC4B2C40}.Release|Android.ActiveCfg = Release|Windows10-ARM
		{55A6937E-1D16-4465-AD9D-6050CC4B2C40}.Release|Any CPU.ActiveCfg = Release|Windows10-ARM
		{55A6937E-1D16-4465-AD9D-6050CC4B2C40}.Release|Linux.ActiveCfg = Release|Windows10-ARM
		{55A6937E-1D16-4465-AD9D-6050CC4B2C40}.Release|Mixed Platforms.ActiveCfg = Release|Windows10-ARM
		{55A6937E-1D16-4465-AD9D-6050CC4B2C40}.Release|Windows.ActiveCfg = Release|Windows10-ARM
		{55A6937E-1D16-4465-AD9D-6050CC4B2C40}.Release|Windows10-ARM.ActiveCfg = Release|ARM
		{55A6937E-1D16-4465-AD9D-6050CC4B2C40}.Release|Windows10-ARM.Build.0 = Release|ARM
		{55A6937E-1D16-4465-AD9D-6050CC4B2C40}.Release|Windows10-ARM.Deploy.0 = Release|ARM
		{55A6937E-1D16-4465-AD9D-6050CC4B2C40}.Release|Windows10-x64.ActiveCfg = Release|x64
		{55A6937E-1D16-4465-AD9D-6050CC4B2C40}.Release|Windows10-x64.Build.0 = Release|x64
		{55A6937E-1D16-4465-AD9D-6050CC4B2C40}.Release|Windows10-x64.Deploy.0 = Release|x64
		{55A6937E-1D16-4465-AD9D-6050CC4B2C40}.Release|Windows10-x86.ActiveCfg = Release|x86
		{55A6937E-1D16-4465-AD9D-6050CC4B2C40}.Release|Windows10-x86.Build.0 = Release|x86
		{55A6937E-1D16-4465-AD9D-6050CC4B2C40}.Release|Windows10-x86.Deploy.0 = Release|x86
		{55A6937E-1D16-4465-AD9D-6050CC4B2C40}.Testing|Android.ActiveCfg = Testing|Windows10-ARM
		{55A6937E-1D16-4465-AD9D-6050CC4B2C40}.Testing|Any CPU.ActiveCfg = Testing|Windows10-ARM
		{55A6937E-1D16-4465-AD9D-6050CC4B2C40}.Testing|Linux.ActiveCfg = Testing|Windows10-ARM
		{55A6937E-1D16-4465-AD9D-6050CC4B2C40}.Testing|Mixed Platforms.ActiveCfg = Testing|Windows10-ARM
		{55A6937E-1D16-4465-AD9D-6050CC4B2C40}.Testing|Windows.ActiveCfg = Testing|Windows10-ARM
		{55A6937E-1D16-4465-AD9D-6050CC4B2C40}.Testing|Windows10-ARM.ActiveCfg = Testing|ARM
		{55A6937E-1D16-4465-AD9D-6050CC4B2C40}.Testing|Windows10-ARM.Build.0 = Testing|ARM
		{55A6937E-1D16-4465-AD9D-6050CC4B2C40}.Testing|Windows10-ARM.Deploy.0 = Testing|ARM
		{55A6937E-1D16-4465-AD9D-6050CC4B2C40}.Testing|Windows10-x64.ActiveCfg = Testing|x64
		{55A6937E-1D16-4465-AD9D-6050CC4B2C40}.Testing|Windows10-x64.Build.0 = Testing|x64
		{55A6937E-1D16-4465-AD9D-6050CC4B2C40}.Testing|Windows10-x64.Deploy.0 = Testing|x64
		{55A6937E-1D16-4465-AD9D-6050CC4B2C40}.Testing|Windows10-x86.ActiveCfg = Testing|x86
		{55A6937E-1D16-4465-AD9D-6050CC4B2C40}.Testing|Windows10-x86.Build.0 = Testing|x86
		{55A6937E-1D16-4465-AD9D-6050CC4B2C40}.Testing|Windows10-x86.Deploy.0 = Testing|x86
		{3D60A3D4-C1DC-4F2D-8EC1-8388FE41D525}.AppStore|Android.ActiveCfg = Debug|Linux
		{3D60A3D4-C1DC-4F2D-8EC1-8388FE41D525}.AppStore|Any CPU.ActiveCfg = Debug|Linux
		{3D60A3D4-C1DC-4F2D-8EC1-8388FE41D525}.AppStore|Linux.ActiveCfg = Debug|Linux
		{3D60A3D4-C1DC-4F2D-8EC1-8388FE41D525}.AppStore|Mixed Platforms.ActiveCfg = Debug|Linux
		{3D60A3D4-C1DC-4F2D-8EC1-8388FE41D525}.AppStore|Windows.ActiveCfg = Debug|Linux
		{3D60A3D4-C1DC-4F2D-8EC1-8388FE41D525}.AppStore|Windows10-ARM.ActiveCfg = Debug|Linux
		{3D60A3D4-C1DC-4F2D-8EC1-8388FE41D525}.AppStore|Windows10-x64.ActiveCfg = Debug|Linux
		{3D60A3D4-C1DC-4F2D-8EC1-8388FE41D525}.AppStore|Windows10-x86.ActiveCfg = Debug|Linux
		{3D60A3D4-C1DC-4F2D-8EC1-8388FE41D525}.CoreCLR_Debug|Android.ActiveCfg = CoreCLR_Debug|Linux
		{3D60A3D4-C1DC-4F2D-8EC1-8388FE41D525}.CoreCLR_Debug|Any CPU.ActiveCfg = CoreCLR_Debug|Linux
		{3D60A3D4-C1DC-4F2D-8EC1-8388FE41D525}.CoreCLR_Debug|Linux.ActiveCfg = CoreCLR_Debug|Linux
		{3D60A3D4-C1DC-4F2D-8EC1-8388FE41D525}.CoreCLR_Debug|Linux.Build.0 = CoreCLR_Debug|Linux
		{3D60A3D4-C1DC-4F2D-8EC1-8388FE41D525}.CoreCLR_Debug|Linux.Deploy.0 = CoreCLR_Debug|Linux
		{3D60A3D4-C1DC-4F2D-8EC1-8388FE41D525}.CoreCLR_Debug|Mixed Platforms.ActiveCfg = CoreCLR_Debug|Linux
		{3D60A3D4-C1DC-4F2D-8EC1-8388FE41D525}.CoreCLR_Debug|Windows.ActiveCfg = CoreCLR_Debug|Linux
		{3D60A3D4-C1DC-4F2D-8EC1-8388FE41D525}.CoreCLR_Debug|Windows10-ARM.ActiveCfg = CoreCLR_Debug|Linux
		{3D60A3D4-C1DC-4F2D-8EC1-8388FE41D525}.CoreCLR_Debug|Windows10-x64.ActiveCfg = CoreCLR_Debug|Linux
		{3D60A3D4-C1DC-4F2D-8EC1-8388FE41D525}.CoreCLR_Debug|Windows10-x86.ActiveCfg = CoreCLR_Debug|Linux
		{3D60A3D4-C1DC-4F2D-8EC1-8388FE41D525}.CoreCLR_Release|Android.ActiveCfg = CoreCLR_Release|Linux
		{3D60A3D4-C1DC-4F2D-8EC1-8388FE41D525}.CoreCLR_Release|Any CPU.ActiveCfg = CoreCLR_Release|Linux
		{3D60A3D4-C1DC-4F2D-8EC1-8388FE41D525}.CoreCLR_Release|Linux.ActiveCfg = CoreCLR_Release|Linux
		{3D60A3D4-C1DC-4F2D-8EC1-8388FE41D525}.CoreCLR_Release|Linux.Build.0 = CoreCLR_Release|Linux
		{3D60A3D4-C1DC-4F2D-8EC1-8388FE41D525}.CoreCLR_Release|Linux.Deploy.0 = CoreCLR_Release|Linux
		{3D60A3D4-C1DC-4F2D-8EC1-8388FE41D525}.CoreCLR_Release|Mixed Platforms.ActiveCfg = CoreCLR_Release|Linux
		{3D60A3D4-C1DC-4F2D-8EC1-8388FE41D525}.CoreCLR_Release|Windows.ActiveCfg = CoreCLR_Release|Linux
		{3D60A3D4-C1DC-4F2D-8EC1-8388FE41D525}.CoreCLR_Release|Windows10-ARM.ActiveCfg = CoreCLR_Release|Linux
		{3D60A3D4-C1DC-4F2D-8EC1-8388FE41D525}.CoreCLR_Release|Windows10-x64.ActiveCfg = CoreCLR_Release|Linux
		{3D60A3D4-C1DC-4F2D-8EC1-8388FE41D525}.CoreCLR_Release|Windows10-x86.ActiveCfg = CoreCLR_Release|Linux
		{3D60A3D4-C1DC-4F2D-8EC1-8388FE41D525}.Debug|Android.ActiveCfg = Debug|Linux
		{3D60A3D4-C1DC-4F2D-8EC1-8388FE41D525}.Debug|Any CPU.ActiveCfg = Debug|Linux
		{3D60A3D4-C1DC-4F2D-8EC1-8388FE41D525}.Debug|Linux.ActiveCfg = Debug|Linux
		{3D60A3D4-C1DC-4F2D-8EC1-8388FE41D525}.Debug|Linux.Build.0 = Debug|Linux
		{3D60A3D4-C1DC-4F2D-8EC1-8388FE41D525}.Debug|Linux.Deploy.0 = Debug|Linux
		{3D60A3D4-C1DC-4F2D-8EC1-8388FE41D525}.Debug|Mixed Platforms.ActiveCfg = Debug|Linux
		{3D60A3D4-C1DC-4F2D-8EC1-8388FE41D525}.Debug|Windows.ActiveCfg = Debug|Linux
		{3D60A3D4-C1DC-4F2D-8EC1-8388FE41D525}.Debug|Windows10-ARM.ActiveCfg = Debug|Linux
		{3D60A3D4-C1DC-4F2D-8EC1-8388FE41D525}.Debug|Windows10-x64.ActiveCfg = Debug|Linux
		{3D60A3D4-C1DC-4F2D-8EC1-8388FE41D525}.Debug|Windows10-x86.ActiveCfg = Debug|Linux
		{3D60A3D4-C1DC-4F2D-8EC1-8388FE41D525}.Release|Android.ActiveCfg = Release|Linux
		{3D60A3D4-C1DC-4F2D-8EC1-8388FE41D525}.Release|Any CPU.ActiveCfg = Release|Linux
		{3D60A3D4-C1DC-4F2D-8EC1-8388FE41D525}.Release|Linux.ActiveCfg = Release|Linux
		{3D60A3D4-C1DC-4F2D-8EC1-8388FE41D525}.Release|Linux.Build.0 = Release|Linux
		{3D60A3D4-C1DC-4F2D-8EC1-8388FE41D525}.Release|Linux.Deploy.0 = Release|Linux
		{3D60A3D4-C1DC-4F2D-8EC1-8388FE41D525}.Release|Mixed Platforms.ActiveCfg = Release|Linux
		{3D60A3D4-C1DC-4F2D-8EC1-8388FE41D525}.Release|Windows.ActiveCfg = Release|Linux
		{3D60A3D4-C1DC-4F2D-8EC1-8388FE41D525}.Release|Windows10-ARM.ActiveCfg = Release|Linux
		{3D60A3D4-C1DC-4F2D-8EC1-8388FE41D525}.Release|Windows10-x64.ActiveCfg = Release|Linux
		{3D60A3D4-C1DC-4F2D-8EC1-8388FE41D525}.Release|Windows10-x86.ActiveCfg = Release|Linux
		{3D60A3D4-C1DC-4F2D-8EC1-8388FE41D525}.Testing|Android.ActiveCfg = Debug|Linux
		{3D60A3D4-C1DC-4F2D-8EC1-8388FE41D525}.Testing|Any CPU.ActiveCfg = Debug|Linux
		{3D60A3D4-C1DC-4F2D-8EC1-8388FE41D525}.Testing|Linux.ActiveCfg = Debug|Linux
		{3D60A3D4-C1DC-4F2D-8EC1-8388FE41D525}.Testing|Mixed Platforms.ActiveCfg = Debug|Linux
		{3D60A3D4-C1DC-4F2D-8EC1-8388FE41D525}.Testing|Windows.ActiveCfg = Debug|Linux
		{3D60A3D4-C1DC-4F2D-8EC1-8388FE41D525}.Testing|Windows10-ARM.ActiveCfg = Debug|Linux
		{3D60A3D4-C1DC-4F2D-8EC1-8388FE41D525}.Testing|Windows10-x64.ActiveCfg = Debug|Linux
		{3D60A3D4-C1DC-4F2D-8EC1-8388FE41D525}.Testing|Windows10-x86.ActiveCfg = Debug|Linux
		{8BCD3C57-8DDF-4547-9DA9-019CF02CC834}.AppStore|Android.ActiveCfg = AppStore|Android
		{8BCD3C57-8DDF-4547-9DA9-019CF02CC834}.AppStore|Android.Build.0 = AppStore|Android
		{8BCD3C57-8DDF-4547-9DA9-019CF02CC834}.AppStore|Android.Deploy.0 = AppStore|Android
		{8BCD3C57-8DDF-4547-9DA9-019CF02CC834}.AppStore|Any CPU.ActiveCfg = AppStore|Android
		{8BCD3C57-8DDF-4547-9DA9-019CF02CC834}.AppStore|Linux.ActiveCfg = AppStore|Android
		{8BCD3C57-8DDF-4547-9DA9-019CF02CC834}.AppStore|Mixed Platforms.ActiveCfg = AppStore|Android
		{8BCD3C57-8DDF-4547-9DA9-019CF02CC834}.AppStore|Windows.ActiveCfg = AppStore|Android
		{8BCD3C57-8DDF-4547-9DA9-019CF02CC834}.AppStore|Windows10-ARM.ActiveCfg = AppStore|Android
		{8BCD3C57-8DDF-4547-9DA9-019CF02CC834}.AppStore|Windows10-x64.ActiveCfg = AppStore|Android
		{8BCD3C57-8DDF-4547-9DA9-019CF02CC834}.AppStore|Windows10-x86.ActiveCfg = AppStore|Android
		{8BCD3C57-8DDF-4547-9DA9-019CF02CC834}.CoreCLR_Debug|Android.ActiveCfg = Debug|Android
		{8BCD3C57-8DDF-4547-9DA9-019CF02CC834}.CoreCLR_Debug|Any CPU.ActiveCfg = Debug|Android
		{8BCD3C57-8DDF-4547-9DA9-019CF02CC834}.CoreCLR_Debug|Linux.ActiveCfg = Debug|Android
		{8BCD3C57-8DDF-4547-9DA9-019CF02CC834}.CoreCLR_Debug|Mixed Platforms.ActiveCfg = Debug|Android
		{8BCD3C57-8DDF-4547-9DA9-019CF02CC834}.CoreCLR_Debug|Windows.ActiveCfg = Debug|Android
		{8BCD3C57-8DDF-4547-9DA9-019CF02CC834}.CoreCLR_Debug|Windows10-ARM.ActiveCfg = Debug|Android
		{8BCD3C57-8DDF-4547-9DA9-019CF02CC834}.CoreCLR_Debug|Windows10-x64.ActiveCfg = Debug|Android
		{8BCD3C57-8DDF-4547-9DA9-019CF02CC834}.CoreCLR_Debug|Windows10-x86.ActiveCfg = Debug|Android
		{8BCD3C57-8DDF-4547-9DA9-019CF02CC834}.CoreCLR_Release|Android.ActiveCfg = Debug|Android
		{8BCD3C57-8DDF-4547-9DA9-019CF02CC834}.CoreCLR_Release|Any CPU.ActiveCfg = Debug|Android
		{8BCD3C57-8DDF-4547-9DA9-019CF02CC834}.CoreCLR_Release|Linux.ActiveCfg = Debug|Android
		{8BCD3C57-8DDF-4547-9DA9-019CF02CC834}.CoreCLR_Release|Mixed Platforms.ActiveCfg = Debug|Android
		{8BCD3C57-8DDF-4547-9DA9-019CF02CC834}.CoreCLR_Release|Windows.ActiveCfg = Debug|Android
		{8BCD3C57-8DDF-4547-9DA9-019CF02CC834}.CoreCLR_Release|Windows10-ARM.ActiveCfg = Debug|Android
		{8BCD3C57-8DDF-4547-9DA9-019CF02CC834}.CoreCLR_Release|Windows10-x64.ActiveCfg = Debug|Android
		{8BCD3C57-8DDF-4547-9DA9-019CF02CC834}.CoreCLR_Release|Windows10-x86.ActiveCfg = Debug|Android
		{8BCD3C57-8DDF-4547-9DA9-019CF02CC834}.Debug|Android.ActiveCfg = Debug|Android
		{8BCD3C57-8DDF-4547-9DA9-019CF02CC834}.Debug|Android.Build.0 = Debug|Android
		{8BCD3C57-8DDF-4547-9DA9-019CF02CC834}.Debug|Android.Deploy.0 = Debug|Android
		{8BCD3C57-8DDF-4547-9DA9-019CF02CC834}.Debug|Any CPU.ActiveCfg = Debug|Android
		{8BCD3C57-8DDF-4547-9DA9-019CF02CC834}.Debug|Linux.ActiveCfg = Debug|Android
		{8BCD3C57-8DDF-4547-9DA9-019CF02CC834}.Debug|Mixed Platforms.ActiveCfg = Debug|Android
		{8BCD3C57-8DDF-4547-9DA9-019CF02CC834}.Debug|Windows.ActiveCfg = Debug|Android
		{8BCD3C57-8DDF-4547-9DA9-019CF02CC834}.Debug|Windows10-ARM.ActiveCfg = Debug|Android
		{8BCD3C57-8DDF-4547-9DA9-019CF02CC834}.Debug|Windows10-x64.ActiveCfg = Debug|Android
		{8BCD3C57-8DDF-4547-9DA9-019CF02CC834}.Debug|Windows10-x86.ActiveCfg = Debug|Android
		{8BCD3C57-8DDF-4547-9DA9-019CF02CC834}.Release|Android.ActiveCfg = Release|Android
		{8BCD3C57-8DDF-4547-9DA9-019CF02CC834}.Release|Android.Build.0 = Release|Android
		{8BCD3C57-8DDF-4547-9DA9-019CF02CC834}.Release|Android.Deploy.0 = Release|Android
		{8BCD3C57-8DDF-4547-9DA9-019CF02CC834}.Release|Any CPU.ActiveCfg = Release|Android
		{8BCD3C57-8DDF-4547-9DA9-019CF02CC834}.Release|Linux.ActiveCfg = Release|Android
		{8BCD3C57-8DDF-4547-9DA9-019CF02CC834}.Release|Mixed Platforms.ActiveCfg = Release|Android
		{8BCD3C57-8DDF-4547-9DA9-019CF02CC834}.Release|Windows.ActiveCfg = Release|Android
		{8BCD3C57-8DDF-4547-9DA9-019CF02CC834}.Release|Windows10-ARM.ActiveCfg = Release|Android
		{8BCD3C57-8DDF-4547-9DA9-019CF02CC834}.Release|Windows10-x64.ActiveCfg = Release|Android
		{8BCD3C57-8DDF-4547-9DA9-019CF02CC834}.Release|Windows10-x86.ActiveCfg = Release|Android
		{8BCD3C57-8DDF-4547-9DA9-019CF02CC834}.Testing|Android.ActiveCfg = Testing|Android
		{8BCD3C57-8DDF-4547-9DA9-019CF02CC834}.Testing|Android.Build.0 = Testing|Android
		{8BCD3C57-8DDF-4547-9DA9-019CF02CC834}.Testing|Android.Deploy.0 = Testing|Android
		{8BCD3C57-8DDF-4547-9DA9-019CF02CC834}.Testing|Any CPU.ActiveCfg = Testing|Android
		{8BCD3C57-8DDF-4547-9DA9-019CF02CC834}.Testing|Linux.ActiveCfg = Testing|Android
		{8BCD3C57-8DDF-4547-9DA9-019CF02CC834}.Testing|Mixed Platforms.ActiveCfg = Testing|Android
		{8BCD3C57-8DDF-4547-9DA9-019CF02CC834}.Testing|Windows.ActiveCfg = Testing|Android
		{8BCD3C57-8DDF-4547-9DA9-019CF02CC834}.Testing|Windows10-ARM.ActiveCfg = Testing|Android
		{8BCD3C57-8DDF-4547-9DA9-019CF02CC834}.Testing|Windows10-x64.ActiveCfg = Testing|Android
		{8BCD3C57-8DDF-4547-9DA9-019CF02CC834}.Testing|Windows10-x86.ActiveCfg = Testing|Android
	EndGlobalSection
	GlobalSection(SolutionProperties) = preSolution
		HideSolutionNode = FALSE
	EndGlobalSection
	GlobalSection(NestedProjects) = preSolution
		{8E00ACA0-B122-4112-B09C-0EF71CB0E1F0} = {CA233602-1C70-4908-BDDA-31CE61227666}
		{DCB48A83-B04A-48C9-BA2B-51F6D845CEF0} = {CA233602-1C70-4908-BDDA-31CE61227666}
		{55A6937E-1D16-4465-AD9D-6050CC4B2C40} = {CA233602-1C70-4908-BDDA-31CE61227666}
		{3D60A3D4-C1DC-4F2D-8EC1-8388FE41D525} = {CA233602-1C70-4908-BDDA-31CE61227666}
		{8BCD3C57-8DDF-4547-9DA9-019CF02CC834} = {CA233602-1C70-4908-BDDA-31CE61227666}
	EndGlobalSection
EndGlobal
