Microsoft Visual Studio Solution File, Format Version 12.00
# Visual Studio 15
VisualStudioVersion = 15.0.26430.16
MinimumVisualStudioVersion = 10.0.40219.1
Project("{2150E333-8FDC-42A3-9474-1A3956D46DE8}") = "Asteroids", "Asteroids", "{CA233602-1C70-4908-BDDA-31CE61227666}"
	ProjectSection(XenkoPackage) = preProject
		Asteroids/Asteroids.xkpkg = Asteroids/Asteroids.xkpkg
	EndProjectSection
EndProject
Project("{9A19103F-16F7-4668-BE54-9A1E7A4F7556}") = "Asteroids.Windows", "Asteroids\Asteroids.Windows\Asteroids.Windows.csproj", "{8E00ACA0-B122-4112-B09C-0EF71CB0E1F0}"
EndProject
Project("{9A19103F-16F7-4668-BE54-9A1E7A4F7556}") = "Asteroids.Game", "Asteroids\Asteroids.Game\Asteroids.Game.csproj", "{DCB48A83-B04A-48C9-BA2B-51F6D845CEF0}"
EndProject
Project("{FAE04EC0-301F-11D3-BF4B-00C04F79EFBC}") = "Asteroids.Linux", "Asteroids\Asteroids.Linux\Asteroids.Linux.csproj", "{3D60A3D4-C1DC-4F2D-8EC1-8388FE41D525}"
EndProject
Project("{FAE04EC0-301F-11D3-BF4B-00C04F79EFBC}") = "Asteroids.Android", "Asteroids\Asteroids.Android\Asteroids.Android.csproj", "{8BCD3C57-8DDF-4547-9DA9-019CF02CC834}"
EndProject
Project("{FAE04EC0-301F-11D3-BF4B-00C04F79EFBC}") = "Asteroids.UWP", "Asteroids\Asteroids.UWP\Asteroids.UWP.csproj", "{55A6937E-1D16-4465-AD9D-6050CC4B2C40}"
EndProject
Global
	GlobalSection(SolutionConfigurationPlatforms) = preSolution
		AppStore|Android = AppStore|Android
		AppStore|Any CPU = AppStore|Any CPU
		AppStore|Mixed Platforms = AppStore|Mixed Platforms
		AppStore|UWP-ARM = AppStore|UWP-ARM
		AppStore|UWP-x64 = AppStore|UWP-x64
		AppStore|UWP-x86 = AppStore|UWP-x86
		AppStore|Windows = AppStore|Windows
		Debug|Android = Debug|Android
		Debug|Any CPU = Debug|Any CPU
		Debug|Mixed Platforms = Debug|Mixed Platforms
		Debug|UWP-ARM = Debug|UWP-ARM
		Debug|UWP-x64 = Debug|UWP-x64
		Debug|UWP-x86 = Debug|UWP-x86
		Debug|Windows = Debug|Windows
		Release|Android = Release|Android
		Release|Any CPU = Release|Any CPU
		Release|Mixed Platforms = Release|Mixed Platforms
		Release|UWP-ARM = Release|UWP-ARM
		Release|UWP-x64 = Release|UWP-x64
		Release|UWP-x86 = Release|UWP-x86
		Release|Windows = Release|Windows
		Testing|Android = Testing|Android
		Testing|Any CPU = Testing|Any CPU
		Testing|Mixed Platforms = Testing|Mixed Platforms
		Testing|UWP-ARM = Testing|UWP-ARM
		Testing|UWP-x64 = Testing|UWP-x64
		Testing|UWP-x86 = Testing|UWP-x86
		Testing|Windows = Testing|Windows
	EndGlobalSection
	GlobalSection(ProjectConfigurationPlatforms) = postSolution
		{8E00ACA0-B122-4112-B09C-0EF71CB0E1F0}.AppStore|Android.ActiveCfg = Release|Any CPU
		{8E00ACA0-B122-4112-B09C-0EF71CB0E1F0}.AppStore|Android.Build.0 = Release|Any CPU
		{8E00ACA0-B122-4112-B09C-0EF71CB0E1F0}.AppStore|Any CPU.ActiveCfg = Release|Any CPU
		{8E00ACA0-B122-4112-B09C-0EF71CB0E1F0}.AppStore|Any CPU.Build.0 = Release|Any CPU
		{8E00ACA0-B122-4112-B09C-0EF71CB0E1F0}.AppStore|Mixed Platforms.ActiveCfg = Release|Any CPU
		{8E00ACA0-B122-4112-B09C-0EF71CB0E1F0}.AppStore|Mixed Platforms.Build.0 = Release|Any CPU
		{8E00ACA0-B122-4112-B09C-0EF71CB0E1F0}.AppStore|UWP-ARM.ActiveCfg = Release|Any CPU
		{8E00ACA0-B122-4112-B09C-0EF71CB0E1F0}.AppStore|UWP-ARM.Build.0 = Release|Any CPU
		{8E00ACA0-B122-4112-B09C-0EF71CB0E1F0}.AppStore|UWP-x64.ActiveCfg = Release|Any CPU
		{8E00ACA0-B122-4112-B09C-0EF71CB0E1F0}.AppStore|UWP-x64.Build.0 = Release|Any CPU
		{8E00ACA0-B122-4112-B09C-0EF71CB0E1F0}.AppStore|UWP-x86.ActiveCfg = Release|Any CPU
		{8E00ACA0-B122-4112-B09C-0EF71CB0E1F0}.AppStore|UWP-x86.Build.0 = Release|Any CPU
		{8E00ACA0-B122-4112-B09C-0EF71CB0E1F0}.AppStore|Windows.ActiveCfg = Release|Any CPU
		{8E00ACA0-B122-4112-B09C-0EF71CB0E1F0}.AppStore|Windows.Build.0 = Release|Any CPU
		{8E00ACA0-B122-4112-B09C-0EF71CB0E1F0}.Debug|Android.ActiveCfg = Debug|Any CPU
		{8E00ACA0-B122-4112-B09C-0EF71CB0E1F0}.Debug|Any CPU.ActiveCfg = Debug|Any CPU
		{8E00ACA0-B122-4112-B09C-0EF71CB0E1F0}.Debug|Any CPU.Build.0 = Debug|Any CPU
		{8E00ACA0-B122-4112-B09C-0EF71CB0E1F0}.Debug|Any CPU.Deploy.0 = Debug|Any CPU
		{8E00ACA0-B122-4112-B09C-0EF71CB0E1F0}.Debug|Mixed Platforms.ActiveCfg = Debug|Any CPU
		{8E00ACA0-B122-4112-B09C-0EF71CB0E1F0}.Debug|Mixed Platforms.Build.0 = Debug|Any CPU
		{8E00ACA0-B122-4112-B09C-0EF71CB0E1F0}.Debug|Mixed Platforms.Deploy.0 = Debug|Any CPU
		{8E00ACA0-B122-4112-B09C-0EF71CB0E1F0}.Debug|UWP-ARM.ActiveCfg = Debug|Any CPU
		{8E00ACA0-B122-4112-B09C-0EF71CB0E1F0}.Debug|UWP-x64.ActiveCfg = Debug|Any CPU
		{8E00ACA0-B122-4112-B09C-0EF71CB0E1F0}.Debug|UWP-x86.ActiveCfg = Debug|Any CPU
		{8E00ACA0-B122-4112-B09C-0EF71CB0E1F0}.Debug|Windows.ActiveCfg = Debug|Any CPU
		{8E00ACA0-B122-4112-B09C-0EF71CB0E1F0}.Debug|Windows.Build.0 = Debug|Any CPU
		{8E00ACA0-B122-4112-B09C-0EF71CB0E1F0}.Debug|Windows.Deploy.0 = Debug|Any CPU
		{8E00ACA0-B122-4112-B09C-0EF71CB0E1F0}.Release|Android.ActiveCfg = Release|Any CPU
		{8E00ACA0-B122-4112-B09C-0EF71CB0E1F0}.Release|Any CPU.ActiveCfg = Release|Any CPU
		{8E00ACA0-B122-4112-B09C-0EF71CB0E1F0}.Release|Any CPU.Build.0 = Release|Any CPU
		{8E00ACA0-B122-4112-B09C-0EF71CB0E1F0}.Release|Any CPU.Deploy.0 = Release|Any CPU
		{8E00ACA0-B122-4112-B09C-0EF71CB0E1F0}.Release|Mixed Platforms.ActiveCfg = Release|Any CPU
		{8E00ACA0-B122-4112-B09C-0EF71CB0E1F0}.Release|Mixed Platforms.Build.0 = Release|Any CPU
		{8E00ACA0-B122-4112-B09C-0EF71CB0E1F0}.Release|Mixed Platforms.Deploy.0 = Release|Any CPU
		{8E00ACA0-B122-4112-B09C-0EF71CB0E1F0}.Release|UWP-ARM.ActiveCfg = Release|Any CPU
		{8E00ACA0-B122-4112-B09C-0EF71CB0E1F0}.Release|UWP-x64.ActiveCfg = Release|Any CPU
		{8E00ACA0-B122-4112-B09C-0EF71CB0E1F0}.Release|UWP-x86.ActiveCfg = Release|Any CPU
		{8E00ACA0-B122-4112-B09C-0EF71CB0E1F0}.Release|Windows.ActiveCfg = Release|Any CPU
		{8E00ACA0-B122-4112-B09C-0EF71CB0E1F0}.Release|Windows.Build.0 = Release|Any CPU
		{8E00ACA0-B122-4112-B09C-0EF71CB0E1F0}.Release|Windows.Deploy.0 = Release|Any CPU
		{8E00ACA0-B122-4112-B09C-0EF71CB0E1F0}.Testing|Android.ActiveCfg = Release|Any CPU
		{8E00ACA0-B122-4112-B09C-0EF71CB0E1F0}.Testing|Android.Build.0 = Release|Any CPU
		{8E00ACA0-B122-4112-B09C-0EF71CB0E1F0}.Testing|Any CPU.ActiveCfg = Release|Any CPU
		{8E00ACA0-B122-4112-B09C-0EF71CB0E1F0}.Testing|Any CPU.Build.0 = Release|Any CPU
		{8E00ACA0-B122-4112-B09C-0EF71CB0E1F0}.Testing|Mixed Platforms.ActiveCfg = Release|Any CPU
		{8E00ACA0-B122-4112-B09C-0EF71CB0E1F0}.Testing|Mixed Platforms.Build.0 = Release|Any CPU
		{8E00ACA0-B122-4112-B09C-0EF71CB0E1F0}.Testing|UWP-ARM.ActiveCfg = Release|Any CPU
		{8E00ACA0-B122-4112-B09C-0EF71CB0E1F0}.Testing|UWP-ARM.Build.0 = Release|Any CPU
		{8E00ACA0-B122-4112-B09C-0EF71CB0E1F0}.Testing|UWP-x64.ActiveCfg = Release|Any CPU
		{8E00ACA0-B122-4112-B09C-0EF71CB0E1F0}.Testing|UWP-x64.Build.0 = Release|Any CPU
		{8E00ACA0-B122-4112-B09C-0EF71CB0E1F0}.Testing|UWP-x86.ActiveCfg = Release|Any CPU
		{8E00ACA0-B122-4112-B09C-0EF71CB0E1F0}.Testing|UWP-x86.Build.0 = Release|Any CPU
		{8E00ACA0-B122-4112-B09C-0EF71CB0E1F0}.Testing|Windows.ActiveCfg = Release|Any CPU
		{8E00ACA0-B122-4112-B09C-0EF71CB0E1F0}.Testing|Windows.Build.0 = Release|Any CPU
		{DCB48A83-B04A-48C9-BA2B-51F6D845CEF0}.AppStore|Android.ActiveCfg = Release|Any CPU
		{DCB48A83-B04A-48C9-BA2B-51F6D845CEF0}.AppStore|Android.Build.0 = Release|Any CPU
		{DCB48A83-B04A-48C9-BA2B-51F6D845CEF0}.AppStore|Any CPU.ActiveCfg = Release|Any CPU
		{DCB48A83-B04A-48C9-BA2B-51F6D845CEF0}.AppStore|Any CPU.Build.0 = Release|Any CPU
		{DCB48A83-B04A-48C9-BA2B-51F6D845CEF0}.AppStore|Mixed Platforms.ActiveCfg = Release|Any CPU
		{DCB48A83-B04A-48C9-BA2B-51F6D845CEF0}.AppStore|Mixed Platforms.Build.0 = Release|Any CPU
		{DCB48A83-B04A-48C9-BA2B-51F6D845CEF0}.AppStore|UWP-ARM.ActiveCfg = Release|Any CPU
		{DCB48A83-B04A-48C9-BA2B-51F6D845CEF0}.AppStore|UWP-ARM.Build.0 = Release|Any CPU
		{DCB48A83-B04A-48C9-BA2B-51F6D845CEF0}.AppStore|UWP-x64.ActiveCfg = Release|Any CPU
		{DCB48A83-B04A-48C9-BA2B-51F6D845CEF0}.AppStore|UWP-x64.Build.0 = Release|Any CPU
		{DCB48A83-B04A-48C9-BA2B-51F6D845CEF0}.AppStore|UWP-x86.ActiveCfg = Release|Any CPU
		{DCB48A83-B04A-48C9-BA2B-51F6D845CEF0}.AppStore|UWP-x86.Build.0 = Release|Any CPU
		{DCB48A83-B04A-48C9-BA2B-51F6D845CEF0}.AppStore|Windows.ActiveCfg = Release|Any CPU
		{DCB48A83-B04A-48C9-BA2B-51F6D845CEF0}.AppStore|Windows.Build.0 = Release|Any CPU
		{DCB48A83-B04A-48C9-BA2B-51F6D845CEF0}.Debug|Android.ActiveCfg = Debug|Any CPU
		{DCB48A83-B04A-48C9-BA2B-51F6D845CEF0}.Debug|Android.Build.0 = Debug|Any CPU
		{DCB48A83-B04A-48C9-BA2B-51F6D845CEF0}.Debug|Any CPU.ActiveCfg = Debug|Any CPU
		{DCB48A83-B04A-48C9-BA2B-51F6D845CEF0}.Debug|Any CPU.Build.0 = Debug|Any CPU
		{DCB48A83-B04A-48C9-BA2B-51F6D845CEF0}.Debug|Mixed Platforms.ActiveCfg = Debug|Any CPU
		{DCB48A83-B04A-48C9-BA2B-51F6D845CEF0}.Debug|Mixed Platforms.Build.0 = Debug|Any CPU
		{DCB48A83-B04A-48C9-BA2B-51F6D845CEF0}.Debug|UWP-ARM.ActiveCfg = Debug|Any CPU
		{DCB48A83-B04A-48C9-BA2B-51F6D845CEF0}.Debug|UWP-ARM.Build.0 = Debug|Any CPU
		{DCB48A83-B04A-48C9-BA2B-51F6D845CEF0}.Debug|UWP-x64.ActiveCfg = Debug|Any CPU
		{DCB48A83-B04A-48C9-BA2B-51F6D845CEF0}.Debug|UWP-x64.Build.0 = Debug|Any CPU
		{DCB48A83-B04A-48C9-BA2B-51F6D845CEF0}.Debug|UWP-x86.ActiveCfg = Debug|Any CPU
		{DCB48A83-B04A-48C9-BA2B-51F6D845CEF0}.Debug|UWP-x86.Build.0 = Debug|Any CPU
		{DCB48A83-B04A-48C9-BA2B-51F6D845CEF0}.Debug|Windows.ActiveCfg = Debug|Any CPU
		{DCB48A83-B04A-48C9-BA2B-51F6D845CEF0}.Debug|Windows.Build.0 = Debug|Any CPU
		{DCB48A83-B04A-48C9-BA2B-51F6D845CEF0}.Release|Android.ActiveCfg = Release|Any CPU
		{DCB48A83-B04A-48C9-BA2B-51F6D845CEF0}.Release|Android.Build.0 = Release|Any CPU
		{DCB48A83-B04A-48C9-BA2B-51F6D845CEF0}.Release|Any CPU.ActiveCfg = Release|Any CPU
		{DCB48A83-B04A-48C9-BA2B-51F6D845CEF0}.Release|Any CPU.Build.0 = Release|Any CPU
		{DCB48A83-B04A-48C9-BA2B-51F6D845CEF0}.Release|Mixed Platforms.ActiveCfg = Release|Any CPU
		{DCB48A83-B04A-48C9-BA2B-51F6D845CEF0}.Release|Mixed Platforms.Build.0 = Release|Any CPU
		{DCB48A83-B04A-48C9-BA2B-51F6D845CEF0}.Release|UWP-ARM.ActiveCfg = Release|Any CPU
		{DCB48A83-B04A-48C9-BA2B-51F6D845CEF0}.Release|UWP-ARM.Build.0 = Release|Any CPU
		{DCB48A83-B04A-48C9-BA2B-51F6D845CEF0}.Release|UWP-x64.ActiveCfg = Release|Any CPU
		{DCB48A83-B04A-48C9-BA2B-51F6D845CEF0}.Release|UWP-x64.Build.0 = Release|Any CPU
		{DCB48A83-B04A-48C9-BA2B-51F6D845CEF0}.Release|UWP-x86.ActiveCfg = Release|Any CPU
		{DCB48A83-B04A-48C9-BA2B-51F6D845CEF0}.Release|UWP-x86.Build.0 = Release|Any CPU
		{DCB48A83-B04A-48C9-BA2B-51F6D845CEF0}.Release|Windows.ActiveCfg = Release|Any CPU
		{DCB48A83-B04A-48C9-BA2B-51F6D845CEF0}.Release|Windows.Build.0 = Release|Any CPU
		{DCB48A83-B04A-48C9-BA2B-51F6D845CEF0}.Testing|Android.ActiveCfg = Release|Any CPU
		{DCB48A83-B04A-48C9-BA2B-51F6D845CEF0}.Testing|Android.Build.0 = Release|Any CPU
		{DCB48A83-B04A-48C9-BA2B-51F6D845CEF0}.Testing|Any CPU.ActiveCfg = Release|Any CPU
		{DCB48A83-B04A-48C9-BA2B-51F6D845CEF0}.Testing|Any CPU.Build.0 = Release|Any CPU
		{DCB48A83-B04A-48C9-BA2B-51F6D845CEF0}.Testing|Mixed Platforms.ActiveCfg = Release|Any CPU
		{DCB48A83-B04A-48C9-BA2B-51F6D845CEF0}.Testing|Mixed Platforms.Build.0 = Release|Any CPU
		{DCB48A83-B04A-48C9-BA2B-51F6D845CEF0}.Testing|UWP-ARM.ActiveCfg = Release|Any CPU
		{DCB48A83-B04A-48C9-BA2B-51F6D845CEF0}.Testing|UWP-ARM.Build.0 = Release|Any CPU
		{DCB48A83-B04A-48C9-BA2B-51F6D845CEF0}.Testing|UWP-x64.ActiveCfg = Release|Any CPU
		{DCB48A83-B04A-48C9-BA2B-51F6D845CEF0}.Testing|UWP-x64.Build.0 = Release|Any CPU
		{DCB48A83-B04A-48C9-BA2B-51F6D845CEF0}.Testing|UWP-x86.ActiveCfg = Release|Any CPU
		{DCB48A83-B04A-48C9-BA2B-51F6D845CEF0}.Testing|UWP-x86.Build.0 = Release|Any CPU
		{DCB48A83-B04A-48C9-BA2B-51F6D845CEF0}.Testing|Windows.ActiveCfg = Release|Any CPU
		{DCB48A83-B04A-48C9-BA2B-51F6D845CEF0}.Testing|Windows.Build.0 = Release|Any CPU
		{3D60A3D4-C1DC-4F2D-8EC1-8388FE41D525}.AppStore|Android.ActiveCfg = Debug|Linux
		{3D60A3D4-C1DC-4F2D-8EC1-8388FE41D525}.AppStore|Any CPU.ActiveCfg = Debug|Linux
		{3D60A3D4-C1DC-4F2D-8EC1-8388FE41D525}.AppStore|Mixed Platforms.ActiveCfg = Debug|Linux
		{3D60A3D4-C1DC-4F2D-8EC1-8388FE41D525}.AppStore|UWP-ARM.ActiveCfg = Debug|Linux
		{3D60A3D4-C1DC-4F2D-8EC1-8388FE41D525}.AppStore|UWP-x64.ActiveCfg = Debug|Linux
		{3D60A3D4-C1DC-4F2D-8EC1-8388FE41D525}.AppStore|UWP-x86.ActiveCfg = Debug|Linux
		{3D60A3D4-C1DC-4F2D-8EC1-8388FE41D525}.AppStore|Windows.ActiveCfg = Debug|Linux
		{3D60A3D4-C1DC-4F2D-8EC1-8388FE41D525}.Debug|Android.ActiveCfg = Debug|Linux
		{3D60A3D4-C1DC-4F2D-8EC1-8388FE41D525}.Debug|Any CPU.ActiveCfg = Debug|Linux
		{3D60A3D4-C1DC-4F2D-8EC1-8388FE41D525}.Debug|Mixed Platforms.ActiveCfg = Debug|Linux
		{3D60A3D4-C1DC-4F2D-8EC1-8388FE41D525}.Debug|UWP-ARM.ActiveCfg = Debug|Linux
		{3D60A3D4-C1DC-4F2D-8EC1-8388FE41D525}.Debug|UWP-x64.ActiveCfg = Debug|Linux
		{3D60A3D4-C1DC-4F2D-8EC1-8388FE41D525}.Debug|UWP-x86.ActiveCfg = Debug|Linux
		{3D60A3D4-C1DC-4F2D-8EC1-8388FE41D525}.Debug|Windows.ActiveCfg = Debug|Linux
		{3D60A3D4-C1DC-4F2D-8EC1-8388FE41D525}.Release|Android.ActiveCfg = Release|Linux
		{3D60A3D4-C1DC-4F2D-8EC1-8388FE41D525}.Release|Any CPU.ActiveCfg = Release|Linux
		{3D60A3D4-C1DC-4F2D-8EC1-8388FE41D525}.Release|Mixed Platforms.ActiveCfg = Release|Linux
		{3D60A3D4-C1DC-4F2D-8EC1-8388FE41D525}.Release|UWP-ARM.ActiveCfg = Release|Linux
		{3D60A3D4-C1DC-4F2D-8EC1-8388FE41D525}.Release|UWP-x64.ActiveCfg = Release|Linux
		{3D60A3D4-C1DC-4F2D-8EC1-8388FE41D525}.Release|UWP-x86.ActiveCfg = Release|Linux
		{3D60A3D4-C1DC-4F2D-8EC1-8388FE41D525}.Release|Windows.ActiveCfg = Release|Linux
		{3D60A3D4-C1DC-4F2D-8EC1-8388FE41D525}.Testing|Android.ActiveCfg = Debug|Linux
		{3D60A3D4-C1DC-4F2D-8EC1-8388FE41D525}.Testing|Any CPU.ActiveCfg = Debug|Linux
		{3D60A3D4-C1DC-4F2D-8EC1-8388FE41D525}.Testing|Mixed Platforms.ActiveCfg = Debug|Linux
		{3D60A3D4-C1DC-4F2D-8EC1-8388FE41D525}.Testing|UWP-ARM.ActiveCfg = Debug|Linux
		{3D60A3D4-C1DC-4F2D-8EC1-8388FE41D525}.Testing|UWP-x64.ActiveCfg = Debug|Linux
		{3D60A3D4-C1DC-4F2D-8EC1-8388FE41D525}.Testing|UWP-x86.ActiveCfg = Debug|Linux
		{3D60A3D4-C1DC-4F2D-8EC1-8388FE41D525}.Testing|Windows.ActiveCfg = Debug|Linux
		{8BCD3C57-8DDF-4547-9DA9-019CF02CC834}.AppStore|Android.ActiveCfg = AppStore|Android
		{8BCD3C57-8DDF-4547-9DA9-019CF02CC834}.AppStore|Android.Build.0 = AppStore|Android
		{8BCD3C57-8DDF-4547-9DA9-019CF02CC834}.AppStore|Android.Deploy.0 = AppStore|Android
		{8BCD3C57-8DDF-4547-9DA9-019CF02CC834}.AppStore|Any CPU.ActiveCfg = AppStore|Android
		{8BCD3C57-8DDF-4547-9DA9-019CF02CC834}.AppStore|Mixed Platforms.ActiveCfg = AppStore|Android
		{8BCD3C57-8DDF-4547-9DA9-019CF02CC834}.AppStore|UWP-ARM.ActiveCfg = AppStore|Android
		{8BCD3C57-8DDF-4547-9DA9-019CF02CC834}.AppStore|UWP-x64.ActiveCfg = AppStore|Android
		{8BCD3C57-8DDF-4547-9DA9-019CF02CC834}.AppStore|UWP-x86.ActiveCfg = AppStore|Android
		{8BCD3C57-8DDF-4547-9DA9-019CF02CC834}.AppStore|Windows.ActiveCfg = AppStore|Android
		{8BCD3C57-8DDF-4547-9DA9-019CF02CC834}.Debug|Android.ActiveCfg = Debug|Android
		{8BCD3C57-8DDF-4547-9DA9-019CF02CC834}.Debug|Android.Build.0 = Debug|Android
		{8BCD3C57-8DDF-4547-9DA9-019CF02CC834}.Debug|Android.Deploy.0 = Debug|Android
		{8BCD3C57-8DDF-4547-9DA9-019CF02CC834}.Debug|Any CPU.ActiveCfg = Debug|Android
		{8BCD3C57-8DDF-4547-9DA9-019CF02CC834}.Debug|Mixed Platforms.ActiveCfg = Debug|Android
		{8BCD3C57-8DDF-4547-9DA9-019CF02CC834}.Debug|UWP-ARM.ActiveCfg = Debug|Android
		{8BCD3C57-8DDF-4547-9DA9-019CF02CC834}.Debug|UWP-x64.ActiveCfg = Debug|Android
		{8BCD3C57-8DDF-4547-9DA9-019CF02CC834}.Debug|UWP-x86.ActiveCfg = Debug|Android
		{8BCD3C57-8DDF-4547-9DA9-019CF02CC834}.Debug|Windows.ActiveCfg = Debug|Android
		{8BCD3C57-8DDF-4547-9DA9-019CF02CC834}.Release|Android.ActiveCfg = Release|Android
		{8BCD3C57-8DDF-4547-9DA9-019CF02CC834}.Release|Android.Build.0 = Release|Android
		{8BCD3C57-8DDF-4547-9DA9-019CF02CC834}.Release|Android.Deploy.0 = Release|Android
		{8BCD3C57-8DDF-4547-9DA9-019CF02CC834}.Release|Any CPU.ActiveCfg = Release|Android
		{8BCD3C57-8DDF-4547-9DA9-019CF02CC834}.Release|Mixed Platforms.ActiveCfg = Release|Android
		{8BCD3C57-8DDF-4547-9DA9-019CF02CC834}.Release|UWP-ARM.ActiveCfg = Release|Android
		{8BCD3C57-8DDF-4547-9DA9-019CF02CC834}.Release|UWP-x64.ActiveCfg = Release|Android
		{8BCD3C57-8DDF-4547-9DA9-019CF02CC834}.Release|UWP-x86.ActiveCfg = Release|Android
		{8BCD3C57-8DDF-4547-9DA9-019CF02CC834}.Release|Windows.ActiveCfg = Release|Android
		{8BCD3C57-8DDF-4547-9DA9-019CF02CC834}.Testing|Android.ActiveCfg = Testing|Android
		{8BCD3C57-8DDF-4547-9DA9-019CF02CC834}.Testing|Android.Build.0 = Testing|Android
		{8BCD3C57-8DDF-4547-9DA9-019CF02CC834}.Testing|Android.Deploy.0 = Testing|Android
		{8BCD3C57-8DDF-4547-9DA9-019CF02CC834}.Testing|Any CPU.ActiveCfg = Testing|Android
		{8BCD3C57-8DDF-4547-9DA9-019CF02CC834}.Testing|Mixed Platforms.ActiveCfg = Testing|Android
		{8BCD3C57-8DDF-4547-9DA9-019CF02CC834}.Testing|UWP-ARM.ActiveCfg = Testing|Android
		{8BCD3C57-8DDF-4547-9DA9-019CF02CC834}.Testing|UWP-x64.ActiveCfg = Testing|Android
		{8BCD3C57-8DDF-4547-9DA9-019CF02CC834}.Testing|UWP-x86.ActiveCfg = Testing|Android
		{8BCD3C57-8DDF-4547-9DA9-019CF02CC834}.Testing|Windows.ActiveCfg = Testing|Android
		{55A6937E-1D16-4465-AD9D-6050CC4B2C40}.AppStore|Android.ActiveCfg = AppStore|UWP-ARM
		{55A6937E-1D16-4465-AD9D-6050CC4B2C40}.AppStore|Any CPU.ActiveCfg = AppStore|UWP-ARM
		{55A6937E-1D16-4465-AD9D-6050CC4B2C40}.AppStore|Mixed Platforms.ActiveCfg = AppStore|UWP-ARM
		{55A6937E-1D16-4465-AD9D-6050CC4B2C40}.AppStore|UWP-ARM.ActiveCfg = AppStore|ARM
		{55A6937E-1D16-4465-AD9D-6050CC4B2C40}.AppStore|UWP-ARM.Build.0 = AppStore|ARM
		{55A6937E-1D16-4465-AD9D-6050CC4B2C40}.AppStore|UWP-ARM.Deploy.0 = AppStore|ARM
		{55A6937E-1D16-4465-AD9D-6050CC4B2C40}.AppStore|UWP-x64.ActiveCfg = AppStore|x64
		{55A6937E-1D16-4465-AD9D-6050CC4B2C40}.AppStore|UWP-x64.Build.0 = AppStore|x64
		{55A6937E-1D16-4465-AD9D-6050CC4B2C40}.AppStore|UWP-x64.Deploy.0 = AppStore|x64
		{55A6937E-1D16-4465-AD9D-6050CC4B2C40}.AppStore|UWP-x86.ActiveCfg = AppStore|x86
		{55A6937E-1D16-4465-AD9D-6050CC4B2C40}.AppStore|UWP-x86.Build.0 = AppStore|x86
		{55A6937E-1D16-4465-AD9D-6050CC4B2C40}.AppStore|UWP-x86.Deploy.0 = AppStore|x86
		{55A6937E-1D16-4465-AD9D-6050CC4B2C40}.AppStore|Windows.ActiveCfg = AppStore|UWP-ARM
		{55A6937E-1D16-4465-AD9D-6050CC4B2C40}.Debug|Android.ActiveCfg = Debug|UWP-ARM
		{55A6937E-1D16-4465-AD9D-6050CC4B2C40}.Debug|Any CPU.ActiveCfg = Debug|UWP-ARM
		{55A6937E-1D16-4465-AD9D-6050CC4B2C40}.Debug|Mixed Platforms.ActiveCfg = Debug|UWP-ARM
		{55A6937E-1D16-4465-AD9D-6050CC4B2C40}.Debug|UWP-ARM.ActiveCfg = Debug|ARM
		{55A6937E-1D16-4465-AD9D-6050CC4B2C40}.Debug|UWP-ARM.Build.0 = Debug|ARM
		{55A6937E-1D16-4465-AD9D-6050CC4B2C40}.Debug|UWP-ARM.Deploy.0 = Debug|ARM
		{55A6937E-1D16-4465-AD9D-6050CC4B2C40}.Debug|UWP-x64.ActiveCfg = Debug|x64
		{55A6937E-1D16-4465-AD9D-6050CC4B2C40}.Debug|UWP-x64.Build.0 = Debug|x64
		{55A6937E-1D16-4465-AD9D-6050CC4B2C40}.Debug|UWP-x64.Deploy.0 = Debug|x64
		{55A6937E-1D16-4465-AD9D-6050CC4B2C40}.Debug|UWP-x86.ActiveCfg = Debug|x86
		{55A6937E-1D16-4465-AD9D-6050CC4B2C40}.Debug|UWP-x86.Build.0 = Debug|x86
		{55A6937E-1D16-4465-AD9D-6050CC4B2C40}.Debug|UWP-x86.Deploy.0 = Debug|x86
		{55A6937E-1D16-4465-AD9D-6050CC4B2C40}.Debug|Windows.ActiveCfg = Debug|UWP-ARM
		{55A6937E-1D16-4465-AD9D-6050CC4B2C40}.Release|Android.ActiveCfg = Release|UWP-ARM
		{55A6937E-1D16-4465-AD9D-6050CC4B2C40}.Release|Any CPU.ActiveCfg = Release|UWP-ARM
		{55A6937E-1D16-4465-AD9D-6050CC4B2C40}.Release|Mixed Platforms.ActiveCfg = Release|UWP-ARM
		{55A6937E-1D16-4465-AD9D-6050CC4B2C40}.Release|UWP-ARM.ActiveCfg = Release|ARM
		{55A6937E-1D16-4465-AD9D-6050CC4B2C40}.Release|UWP-ARM.Build.0 = Release|ARM
		{55A6937E-1D16-4465-AD9D-6050CC4B2C40}.Release|UWP-ARM.Deploy.0 = Release|ARM
		{55A6937E-1D16-4465-AD9D-6050CC4B2C40}.Release|UWP-x64.ActiveCfg = Release|x64
		{55A6937E-1D16-4465-AD9D-6050CC4B2C40}.Release|UWP-x64.Build.0 = Release|x64
		{55A6937E-1D16-4465-AD9D-6050CC4B2C40}.Release|UWP-x64.Deploy.0 = Release|x64
		{55A6937E-1D16-4465-AD9D-6050CC4B2C40}.Release|UWP-x86.ActiveCfg = Release|x86
		{55A6937E-1D16-4465-AD9D-6050CC4B2C40}.Release|UWP-x86.Build.0 = Release|x86
		{55A6937E-1D16-4465-AD9D-6050CC4B2C40}.Release|UWP-x86.Deploy.0 = Release|x86
		{55A6937E-1D16-4465-AD9D-6050CC4B2C40}.Release|Windows.ActiveCfg = Release|UWP-ARM
		{55A6937E-1D16-4465-AD9D-6050CC4B2C40}.Testing|Android.ActiveCfg = Testing|UWP-ARM
		{55A6937E-1D16-4465-AD9D-6050CC4B2C40}.Testing|Any CPU.ActiveCfg = Testing|UWP-ARM
		{55A6937E-1D16-4465-AD9D-6050CC4B2C40}.Testing|Mixed Platforms.ActiveCfg = Testing|UWP-ARM
		{55A6937E-1D16-4465-AD9D-6050CC4B2C40}.Testing|UWP-ARM.ActiveCfg = Testing|ARM
		{55A6937E-1D16-4465-AD9D-6050CC4B2C40}.Testing|UWP-ARM.Build.0 = Testing|ARM
		{55A6937E-1D16-4465-AD9D-6050CC4B2C40}.Testing|UWP-ARM.Deploy.0 = Testing|ARM
		{55A6937E-1D16-4465-AD9D-6050CC4B2C40}.Testing|UWP-x64.ActiveCfg = Testing|x64
		{55A6937E-1D16-4465-AD9D-6050CC4B2C40}.Testing|UWP-x64.Build.0 = Testing|x64
		{55A6937E-1D16-4465-AD9D-6050CC4B2C40}.Testing|UWP-x64.Deploy.0 = Testing|x64
		{55A6937E-1D16-4465-AD9D-6050CC4B2C40}.Testing|UWP-x86.ActiveCfg = Testing|x86
		{55A6937E-1D16-4465-AD9D-6050CC4B2C40}.Testing|UWP-x86.Build.0 = Testing|x86
		{55A6937E-1D16-4465-AD9D-6050CC4B2C40}.Testing|UWP-x86.Deploy.0 = Testing|x86
		{55A6937E-1D16-4465-AD9D-6050CC4B2C40}.Testing|Windows.ActiveCfg = Testing|UWP-ARM
	EndGlobalSection
	GlobalSection(SolutionProperties) = preSolution
		HideSolutionNode = FALSE
	EndGlobalSection
	GlobalSection(NestedProjects) = preSolution
		{8E00ACA0-B122-4112-B09C-0EF71CB0E1F0} = {CA233602-1C70-4908-BDDA-31CE61227666}
		{DCB48A83-B04A-48C9-BA2B-51F6D845CEF0} = {CA233602-1C70-4908-BDDA-31CE61227666}
		{3D60A3D4-C1DC-4F2D-8EC1-8388FE41D525} = {CA233602-1C70-4908-BDDA-31CE61227666}
		{8BCD3C57-8DDF-4547-9DA9-019CF02CC834} = {CA233602-1C70-4908-BDDA-31CE61227666}
		{55A6937E-1D16-4465-AD9D-6050CC4B2C40} = {CA233602-1C70-4908-BDDA-31CE61227666}
	EndGlobalSection
	GlobalSection(ExtensibilityGlobals) = postSolution
		SolutionGuid = {A10E0518-D20E-4E1D-9730-94D61C9231FB}
	EndGlobalSection
EndGlobal
